{
  "name": "cordova-plugin-statusbar-tests",
  "version": "2.2.3-dev",
  "lockfileVersion": 3,
  "requires": true,
  "packages": {
    "": {
      "name": "cordova-plugin-statusbar-tests",
      "version": "2.2.3-dev",
      "license": "Apache 2.0",
      "dependencies": {
        "cordova-plugin-statusbar-tests": "file:"
      }
    },
    "node_modules/cordova-plugin-statusbar-tests": {
      "resolved": "",
      "link": true
    }
  }
}
